
Microsoft Visual Studio Solution File, Format Version 12.00
# Visual Studio Version 16
VisualStudioVersion = 16.0.30907.101
MinimumVisualStudioVersion = 10.0.40219.1
Project("{FAE04EC0-301F-11D3-BF4B-00C04F79EFBC}") = "PieStoreApp.UWP", "PieStoreApp.UWP\PieStoreApp.UWP.csproj", "{7A85F41D-9851-474F-9B20-E551143558F3}"
EndProject
Project("{FAE04EC0-301F-11D3-BF4B-00C04F79EFBC}") = "PieStoreApp.Android", "PieStoreApp.Android\PieStoreApp.Android.csproj", "{8B2B16D1-4C5C-431E-99F0-E95B81D4DC95}"
EndProject
Project("{FAE04EC0-301F-11D3-BF4B-00C04F79EFBC}") = "PieStoreApp.iOS", "PieStoreApp.iOS\PieStoreApp.iOS.csproj", "{23C00382-F591-4684-8C96-0E0896F1477D}"
EndProject
Project("{FAE04EC0-301F-11D3-BF4B-00C04F79EFBC}") = "PieStoreApp", "PieStoreApp\PieStoreApp.csproj", "{A21EC130-C473-4152-A3BA-3845F5DF8460}"
EndProject
Global
	GlobalSection(SolutionConfigurationPlatforms) = preSolution
		Debug|Any CPU = Debug|Any CPU
		Debug|ARM = Debug|ARM
		Debug|iPhone = Debug|iPhone
		Debug|iPhoneSimulator = Debug|iPhoneSimulator
		Debug|x64 = Debug|x64
		Debug|x86 = Debug|x86
		Release|Any CPU = Release|Any CPU
		Release|ARM = Release|ARM
		Release|iPhone = Release|iPhone
		Release|iPhoneSimulator = Release|iPhoneSimulator
		Release|x64 = Release|x64
		Release|x86 = Release|x86
	EndGlobalSection
	GlobalSection(ProjectConfigurationPlatforms) = postSolution
		{7A85F41D-9851-474F-9B20-E551143558F3}.Debug|Any CPU.ActiveCfg = Debug|x86
		{7A85F41D-9851-474F-9B20-E551143558F3}.Debug|Any CPU.Build.0 = Debug|x86
		{7A85F41D-9851-474F-9B20-E551143558F3}.Debug|Any CPU.Deploy.0 = Debug|x86
		{7A85F41D-9851-474F-9B20-E551143558F3}.Debug|ARM.ActiveCfg = Debug|ARM
		{7A85F41D-9851-474F-9B20-E551143558F3}.Debug|ARM.Build.0 = Debug|ARM
		{7A85F41D-9851-474F-9B20-E551143558F3}.Debug|ARM.Deploy.0 = Debug|ARM
		{7A85F41D-9851-474F-9B20-E551143558F3}.Debug|iPhone.ActiveCfg = Debug|x86
		{7A85F41D-9851-474F-9B20-E551143558F3}.Debug|iPhone.Build.0 = Debug|x86
		{7A85F41D-9851-474F-9B20-E551143558F3}.Debug|iPhone.Deploy.0 = Debug|x86
		{7A85F41D-9851-474F-9B20-E551143558F3}.Debug|iPhoneSimulator.ActiveCfg = Debug|x86
		{7A85F41D-9851-474F-9B20-E551143558F3}.Debug|iPhoneSimulator.Build.0 = Debug|x86
		{7A85F41D-9851-474F-9B20-E551143558F3}.Debug|iPhoneSimulator.Deploy.0 = Debug|x86
		{7A85F41D-9851-474F-9B20-E551143558F3}.Debug|x64.ActiveCfg = Debug|x64
		{7A85F41D-9851-474F-9B20-E551143558F3}.Debug|x64.Build.0 = Debug|x64
		{7A85F41D-9851-474F-9B20-E551143558F3}.Debug|x64.Deploy.0 = Debug|x64
		{7A85F41D-9851-474F-9B20-E551143558F3}.Debug|x86.ActiveCfg = Debug|x86
		{7A85F41D-9851-474F-9B20-E551143558F3}.Debug|x86.Build.0 = Debug|x86
		{7A85F41D-9851-474F-9B20-E551143558F3}.Debug|x86.Deploy.0 = Debug|x86
		{7A85F41D-9851-474F-9B20-E551143558F3}.Release|Any CPU.ActiveCfg = Release|x86
		{7A85F41D-9851-474F-9B20-E551143558F3}.Release|Any CPU.Build.0 = Release|x86
		{7A85F41D-9851-474F-9B20-E551143558F3}.Release|Any CPU.Deploy.0 = Release|x86
		{7A85F41D-9851-474F-9B20-E551143558F3}.Release|ARM.ActiveCfg = Release|ARM
		{7A85F41D-9851-474F-9B20-E551143558F3}.Release|ARM.Build.0 = Release|ARM
		{7A85F41D-9851-474F-9B20-E551143558F3}.Release|ARM.Deploy.0 = Release|ARM
		{7A85F41D-9851-474F-9B20-E551143558F3}.Release|iPhone.ActiveCfg = Release|x86
		{7A85F41D-9851-474F-9B20-E551143558F3}.Release|iPhone.Build.0 = Release|x86
		{7A85F41D-9851-474F-9B20-E551143558F3}.Release|iPhone.Deploy.0 = Release|x86
		{7A85F41D-9851-474F-9B20-E551143558F3}.Release|iPhoneSimulator.ActiveCfg = Release|x86
		{7A85F41D-9851-474F-9B20-E551143558F3}.Release|iPhoneSimulator.Build.0 = Release|x86
		{7A85F41D-9851-474F-9B20-E551143558F3}.Release|iPhoneSimulator.Deploy.0 = Release|x86
		{7A85F41D-9851-474F-9B20-E551143558F3}.Release|x64.ActiveCfg = Release|x64
		{7A85F41D-9851-474F-9B20-E551143558F3}.Release|x64.Build.0 = Release|x64
		{7A85F41D-9851-474F-9B20-E551143558F3}.Release|x64.Deploy.0 = Release|x64
		{7A85F41D-9851-474F-9B20-E551143558F3}.Release|x86.ActiveCfg = Release|x86
		{7A85F41D-9851-474F-9B20-E551143558F3}.Release|x86.Build.0 = Release|x86
		{7A85F41D-9851-474F-9B20-E551143558F3}.Release|x86.Deploy.0 = Release|x86
		{8B2B16D1-4C5C-431E-99F0-E95B81D4DC95}.Debug|Any CPU.ActiveCfg = Debug|Any CPU
		{8B2B16D1-4C5C-431E-99F0-E95B81D4DC95}.Debug|Any CPU.Build.0 = Debug|Any CPU
		{8B2B16D1-4C5C-431E-99F0-E95B81D4DC95}.Debug|Any CPU.Deploy.0 = Debug|Any CPU
		{8B2B16D1-4C5C-431E-99F0-E95B81D4DC95}.Debug|ARM.ActiveCfg = Debug|Any CPU
		{8B2B16D1-4C5C-431E-99F0-E95B81D4DC95}.Debug|ARM.Build.0 = Debug|Any CPU
		{8B2B16D1-4C5C-431E-99F0-E95B81D4DC95}.Debug|ARM.Deploy.0 = Debug|Any CPU
		{8B2B16D1-4C5C-431E-99F0-E95B81D4DC95}.Debug|iPhone.ActiveCfg = Debug|Any CPU
		{8B2B16D1-4C5C-431E-99F0-E95B81D4DC95}.Debug|iPhone.Build.0 = Debug|Any CPU
		{8B2B16D1-4C5C-431E-99F0-E95B81D4DC95}.Debug|iPhone.Deploy.0 = Debug|Any CPU
		{8B2B16D1-4C5C-431E-99F0-E95B81D4DC95}.Debug|iPhoneSimulator.ActiveCfg = Debug|Any CPU
		{8B2B16D1-4C5C-431E-99F0-E95B81D4DC95}.Debug|iPhoneSimulator.Build.0 = Debug|Any CPU
		{8B2B16D1-4C5C-431E-99F0-E95B81D4DC95}.Debug|iPhoneSimulator.Deploy.0 = Debug|Any CPU
		{8B2B16D1-4C5C-431E-99F0-E95B81D4DC95}.Debug|x64.ActiveCfg = Debug|Any CPU
		{8B2B16D1-4C5C-431E-99F0-E95B81D4DC95}.Debug|x64.Build.0 = Debug|Any CPU
		{8B2B16D1-4C5C-431E-99F0-E95B81D4DC95}.Debug|x64.Deploy.0 = Debug|Any CPU
		{8B2B16D1-4C5C-431E-99F0-E95B81D4DC95}.Debug|x86.ActiveCfg = Debug|Any CPU
		{8B2B16D1-4C5C-431E-99F0-E95B81D4DC95}.Debug|x86.Build.0 = Debug|Any CPU
		{8B2B16D1-4C5C-431E-99F0-E95B81D4DC95}.Debug|x86.Deploy.0 = Debug|Any CPU
		{8B2B16D1-4C5C-431E-99F0-E95B81D4DC95}.Release|Any CPU.ActiveCfg = Release|Any CPU
		{8B2B16D1-4C5C-431E-99F0-E95B81D4DC95}.Release|Any CPU.Build.0 = Release|Any CPU
		{8B2B16D1-4C5C-431E-99F0-E95B81D4DC95}.Release|Any CPU.Deploy.0 = Release|Any CPU
		{8B2B16D1-4C5C-431E-99F0-E95B81D4DC95}.Release|ARM.ActiveCfg = Release|Any CPU
		{8B2B16D1-4C5C-431E-99F0-E95B81D4DC95}.Release|ARM.Build.0 = Release|Any CPU
		{8B2B16D1-4C5C-431E-99F0-E95B81D4DC95}.Release|ARM.Deploy.0 = Release|Any CPU
		{8B2B16D1-4C5C-431E-99F0-E95B81D4DC95}.Release|iPhone.ActiveCfg = Release|Any CPU
		{8B2B16D1-4C5C-431E-99F0-E95B81D4DC95}.Release|iPhone.Build.0 = Release|Any CPU
		{8B2B16D1-4C5C-431E-99F0-E95B81D4DC95}.Release|iPhone.Deploy.0 = Release|Any CPU
		{8B2B16D1-4C5C-431E-99F0-E95B81D4DC95}.Release|iPhoneSimulator.ActiveCfg = Release|Any CPU
		{8B2B16D1-4C5C-431E-99F0-E95B81D4DC95}.Release|iPhoneSimulator.Build.0 = Release|Any CPU
		{8B2B16D1-4C5C-431E-99F0-E95B81D4DC95}.Release|iPhoneSimulator.Deploy.0 = Release|Any CPU
		{8B2B16D1-4C5C-431E-99F0-E95B81D4DC95}.Release|x64.ActiveCfg = Release|Any CPU
		{8B2B16D1-4C5C-431E-99F0-E95B81D4DC95}.Release|x64.Build.0 = Release|Any CPU
		{8B2B16D1-4C5C-431E-99F0-E95B81D4DC95}.Release|x64.Deploy.0 = Release|Any CPU
		{8B2B16D1-4C5C-431E-99F0-E95B81D4DC95}.Release|x86.ActiveCfg = Release|Any CPU
		{8B2B16D1-4C5C-431E-99F0-E95B81D4DC95}.Release|x86.Build.0 = Release|Any CPU
		{8B2B16D1-4C5C-431E-99F0-E95B81D4DC95}.Release|x86.Deploy.0 = Release|Any CPU
		{23C00382-F591-4684-8C96-0E0896F1477D}.Debug|Any CPU.ActiveCfg = Debug|iPhoneSimulator
		{23C00382-F591-4684-8C96-0E0896F1477D}.Debug|Any CPU.Build.0 = Debug|iPhoneSimulator
		{23C00382-F591-4684-8C96-0E0896F1477D}.Debug|Any CPU.Deploy.0 = Debug|iPhoneSimulator
		{23C00382-F591-4684-8C96-0E0896F1477D}.Debug|ARM.ActiveCfg = Debug|iPhone
		{23C00382-F591-4684-8C96-0E0896F1477D}.Debug|ARM.Build.0 = Debug|iPhone
		{23C00382-F591-4684-8C96-0E0896F1477D}.Debug|ARM.Deploy.0 = Debug|iPhone
		{23C00382-F591-4684-8C96-0E0896F1477D}.Debug|iPhone.ActiveCfg = Debug|iPhone
		{23C00382-F591-4684-8C96-0E0896F1477D}.Debug|iPhone.Build.0 = Debug|iPhone
		{23C00382-F591-4684-8C96-0E0896F1477D}.Debug|iPhone.Deploy.0 = Debug|iPhone
		{23C00382-F591-4684-8C96-0E0896F1477D}.Debug|iPhoneSimulator.ActiveCfg = Debug|iPhoneSimulator
		{23C00382-F591-4684-8C96-0E0896F1477D}.Debug|iPhoneSimulator.Build.0 = Debug|iPhoneSimulator
		{23C00382-F591-4684-8C96-0E0896F1477D}.Debug|iPhoneSimulator.Deploy.0 = Debug|iPhoneSimulator
		{23C00382-F591-4684-8C96-0E0896F1477D}.Debug|x64.ActiveCfg = Debug|iPhoneSimulator
		{23C00382-F591-4684-8C96-0E0896F1477D}.Debug|x64.Build.0 = Debug|iPhoneSimulator
		{23C00382-F591-4684-8C96-0E0896F1477D}.Debug|x64.Deploy.0 = Debug|iPhoneSimulator
		{23C00382-F591-4684-8C96-0E0896F1477D}.Debug|x86.ActiveCfg = Debug|iPhoneSimulator
		{23C00382-F591-4684-8C96-0E0896F1477D}.Debug|x86.Build.0 = Debug|iPhoneSimulator
		{23C00382-F591-4684-8C96-0E0896F1477D}.Debug|x86.Deploy.0 = Debug|iPhoneSimulator
		{23C00382-F591-4684-8C96-0E0896F1477D}.Release|Any CPU.ActiveCfg = Release|iPhoneSimulator
		{23C00382-F591-4684-8C96-0E0896F1477D}.Release|Any CPU.Build.0 = Release|iPhoneSimulator
		{23C00382-F591-4684-8C96-0E0896F1477D}.Release|Any CPU.Deploy.0 = Release|iPhoneSimulator
		{23C00382-F591-4684-8C96-0E0896F1477D}.Release|ARM.ActiveCfg = Release|iPhoneSimulator
		{23C00382-F591-4684-8C96-0E0896F1477D}.Release|ARM.Build.0 = Release|iPhoneSimulator
		{23C00382-F591-4684-8C96-0E0896F1477D}.Release|ARM.Deploy.0 = Release|iPhoneSimulator
		{23C00382-F591-4684-8C96-0E0896F1477D}.Release|iPhone.ActiveCfg = Release|iPhone
		{23C00382-F591-4684-8C96-0E0896F1477D}.Release|iPhone.Build.0 = Release|iPhone
		{23C00382-F591-4684-8C96-0E0896F1477D}.Release|iPhone.Deploy.0 = Release|iPhone
		{23C00382-F591-4684-8C96-0E0896F1477D}.Release|iPhoneSimulator.ActiveCfg = Release|iPhoneSimulator
		{23C00382-F591-4684-8C96-0E0896F1477D}.Release|iPhoneSimulator.Build.0 = Release|iPhoneSimulator
		{23C00382-F591-4684-8C96-0E0896F1477D}.Release|iPhoneSimulator.Deploy.0 = Release|iPhoneSimulator
		{23C00382-F591-4684-8C96-0E0896F1477D}.Release|x64.ActiveCfg = Release|iPhoneSimulator
		{23C00382-F591-4684-8C96-0E0896F1477D}.Release|x64.Build.0 = Release|iPhoneSimulator
		{23C00382-F591-4684-8C96-0E0896F1477D}.Release|x64.Deploy.0 = Release|iPhoneSimulator
		{23C00382-F591-4684-8C96-0E0896F1477D}.Release|x86.ActiveCfg = Release|iPhoneSimulator
		{23C00382-F591-4684-8C96-0E0896F1477D}.Release|x86.Build.0 = Release|iPhoneSimulator
		{23C00382-F591-4684-8C96-0E0896F1477D}.Release|x86.Deploy.0 = Release|iPhoneSimulator
		{A21EC130-C473-4152-A3BA-3845F5DF8460}.Debug|Any CPU.ActiveCfg = Debug|Any CPU
		{A21EC130-C473-4152-A3BA-3845F5DF8460}.Debug|Any CPU.Build.0 = Debug|Any CPU
		{A21EC130-C473-4152-A3BA-3845F5DF8460}.Debug|Any CPU.Deploy.0 = Debug|Any CPU
		{A21EC130-C473-4152-A3BA-3845F5DF8460}.Debug|ARM.ActiveCfg = Debug|Any CPU
		{A21EC130-C473-4152-A3BA-3845F5DF8460}.Debug|ARM.Build.0 = Debug|Any CPU
		{A21EC130-C473-4152-A3BA-3845F5DF8460}.Debug|ARM.Deploy.0 = Debug|Any CPU
		{A21EC130-C473-4152-A3BA-3845F5DF8460}.Debug|iPhone.ActiveCfg = Debug|Any CPU
		{A21EC130-C473-4152-A3BA-3845F5DF8460}.Debug|iPhone.Build.0 = Debug|Any CPU
		{A21EC130-C473-4152-A3BA-3845F5DF8460}.Debug|iPhone.Deploy.0 = Debug|Any CPU
		{A21EC130-C473-4152-A3BA-3845F5DF8460}.Debug|iPhoneSimulator.ActiveCfg = Debug|Any CPU
		{A21EC130-C473-4152-A3BA-3845F5DF8460}.Debug|iPhoneSimulator.Build.0 = Debug|Any CPU
		{A21EC130-C473-4152-A3BA-3845F5DF8460}.Debug|iPhoneSimulator.Deploy.0 = Debug|Any CPU
		{A21EC130-C473-4152-A3BA-3845F5DF8460}.Debug|x64.ActiveCfg = Debug|Any CPU
		{A21EC130-C473-4152-A3BA-3845F5DF8460}.Debug|x64.Build.0 = Debug|Any CPU
		{A21EC130-C473-4152-A3BA-3845F5DF8460}.Debug|x64.Deploy.0 = Debug|Any CPU
		{A21EC130-C473-4152-A3BA-3845F5DF8460}.Debug|x86.ActiveCfg = Debug|Any CPU
		{A21EC130-C473-4152-A3BA-3845F5DF8460}.Debug|x86.Build.0 = Debug|Any CPU
		{A21EC130-C473-4152-A3BA-3845F5DF8460}.Debug|x86.Deploy.0 = Debug|Any CPU
		{A21EC130-C473-4152-A3BA-3845F5DF8460}.Release|Any CPU.ActiveCfg = Release|Any CPU
		{A21EC130-C473-4152-A3BA-3845F5DF8460}.Release|Any CPU.Build.0 = Release|Any CPU
		{A21EC130-C473-4152-A3BA-3845F5DF8460}.Release|Any CPU.Deploy.0 = Release|Any CPU
		{A21EC130-C473-4152-A3BA-3845F5DF8460}.Release|ARM.ActiveCfg = Release|Any CPU
		{A21EC130-C473-4152-A3BA-3845F5DF8460}.Release|ARM.Build.0 = Release|Any CPU
		{A21EC130-C473-4152-A3BA-3845F5DF8460}.Release|ARM.Deploy.0 = Release|Any CPU
		{A21EC130-C473-4152-A3BA-3845F5DF8460}.Release|iPhone.ActiveCfg = Release|Any CPU
		{A21EC130-C473-4152-A3BA-3845F5DF8460}.Release|iPhone.Build.0 = Release|Any CPU
		{A21EC130-C473-4152-A3BA-3845F5DF8460}.Release|iPhone.Deploy.0 = Release|Any CPU
		{A21EC130-C473-4152-A3BA-3845F5DF8460}.Release|iPhoneSimulator.ActiveCfg = Release|Any CPU
		{A21EC130-C473-4152-A3BA-3845F5DF8460}.Release|iPhoneSimulator.Build.0 = Release|Any CPU
		{A21EC130-C473-4152-A3BA-3845F5DF8460}.Release|iPhoneSimulator.Deploy.0 = Release|Any CPU
		{A21EC130-C473-4152-A3BA-3845F5DF8460}.Release|x64.ActiveCfg = Release|Any CPU
		{A21EC130-C473-4152-A3BA-3845F5DF8460}.Release|x64.Build.0 = Release|Any CPU
		{A21EC130-C473-4152-A3BA-3845F5DF8460}.Release|x64.Deploy.0 = Release|Any CPU
		{A21EC130-C473-4152-A3BA-3845F5DF8460}.Release|x86.ActiveCfg = Release|Any CPU
		{A21EC130-C473-4152-A3BA-3845F5DF8460}.Release|x86.Build.0 = Release|Any CPU
		{A21EC130-C473-4152-A3BA-3845F5DF8460}.Release|x86.Deploy.0 = Release|Any CPU
	EndGlobalSection
	GlobalSection(SolutionProperties) = preSolution
		HideSolutionNode = FALSE
	EndGlobalSection
	GlobalSection(ExtensibilityGlobals) = postSolution
		SolutionGuid = {19CA1530-74AA-4CC6-916B-3968576988B5}
	EndGlobalSection
EndGlobal
